<?xml version="1.0" encoding="utf-8"?>
<Project ToolsVersion="4.0" xmlns="http://schemas.microsoft.com/developer/msbuild/2003">
  <ItemGroup>
    <Filter Include="Source">
      <UniqueIdentifier>{73c8198f-6589-4268-b29f-66bb9a37c96e}</UniqueIdentifier>
    </Filter>
    <Filter Include="Headers">
      <UniqueIdentifier>{1a07e2d9-c9b9-4831-9ae5-8c24f609eee3}</UniqueIdentifier>
    </Filter>
    <Filter Include="Lib">
      <UniqueIdentifier>{37bb3958-0fde-4ccc-9a74-694c2fd5a5e6}</UniqueIdentifier>
    </Filter>
    <Filter Include="ExternalLib">
      <UniqueIdentifier>{5b143811-c8af-4c68-bb3b-454d0d65a0fc}</UniqueIdentifier>
    </Filter>
    <Filter Include="ExternalLib\distorm3">
      <UniqueIdentifier>{2034e9e4-bfc7-42ec-86b8-a708d1eb30a6}</UniqueIdentifier>
    </Filter>
    <Filter Include="ExternalLib\distorm3\src">
      <UniqueIdentifier>{fc84c047-4665-423b-befd-362b06e6bdea}</UniqueIdentifier>
    </Filter>
    <Filter Include="ExternalLib\distorm3\include">
      <UniqueIdentifier>{fdd055f3-3142-4d9b-a74c-da22bae0ddc7}</UniqueIdentifier>
    </Filter>
    <Filter Include="thesis">
      <UniqueIdentifier>{c9564af5-815d-4d20-ab0f-9e2db790e732}</UniqueIdentifier>
    </Filter>
    <Filter Include="thesis\slike">
      <UniqueIdentifier>{500d7dc5-3d19-4901-8e1d-4f21e897ca1a}</UniqueIdentifier>
    </Filter>
  </ItemGroup>
  <ItemGroup>
    <ClInclude Include="Headers\Disassembler.h">
      <Filter>Headers</Filter>
    </ClInclude>
    <ClInclude Include="Headers\distorm.h">
      <Filter>Headers</Filter>
    </ClInclude>
    <ClInclude Include="Headers\PEFunctions.h">
      <Filter>Headers</Filter>
    </ClInclude>
    <ClInclude Include="Headers\Permutator.h">
      <Filter>Headers</Filter>
    </ClInclude>
    <ClInclude Include="Headers\Types.h">
      <Filter>Headers</Filter>
    </ClInclude>
    <ClInclude Include="ExternalLib\distorm3\include\distorm.h">
      <Filter>ExternalLib\distorm3\include</Filter>
    </ClInclude>
    <ClInclude Include="ExternalLib\distorm3\include\mnemonics.h">
      <Filter>ExternalLib\distorm3\include</Filter>
    </ClInclude>
    <ClInclude Include="ExternalLib\distorm3\src\config.h">
      <Filter>ExternalLib\distorm3\src</Filter>
    </ClInclude>
    <ClInclude Include="ExternalLib\distorm3\src\decoder.h">
      <Filter>ExternalLib\distorm3\src</Filter>
    </ClInclude>
    <ClInclude Include="ExternalLib\distorm3\src\instructions.h">
      <Filter>ExternalLib\distorm3\src</Filter>
    </ClInclude>
    <ClInclude Include="ExternalLib\distorm3\src\insts.h">
      <Filter>ExternalLib\distorm3\src</Filter>
    </ClInclude>
    <ClInclude Include="ExternalLib\distorm3\src\operands.h">
      <Filter>ExternalLib\distorm3\src</Filter>
    </ClInclude>
    <ClInclude Include="ExternalLib\distorm3\src\prefix.h">
      <Filter>ExternalLib\distorm3\src</Filter>
    </ClInclude>
    <ClInclude Include="ExternalLib\distorm3\src\textdefs.h">
      <Filter>ExternalLib\distorm3\src</Filter>
    </ClInclude>
    <ClInclude Include="ExternalLib\distorm3\src\wstring.h">
      <Filter>ExternalLib\distorm3\src</Filter>
    </ClInclude>
    <ClInclude Include="ExternalLib\distorm3\src\x86defs.h">
      <Filter>ExternalLib\distorm3\src</Filter>
    </ClInclude>
    <ClInclude Include="Headers\Node.h">
      <Filter>Headers</Filter>
    </ClInclude>
    <ClInclude Include="Headers\Graph.h">
      <Filter>Headers</Filter>
    </ClInclude>
  </ItemGroup>
  <ItemGroup>
    <Library Include="Lib\distorm.lib">
      <Filter>Lib</Filter>
    </Library>
  </ItemGroup>
  <ItemGroup>
    <ClCompile Include="ExternalLib\distorm3\src\decoder.c">
      <Filter>ExternalLib\distorm3\src</Filter>
    </ClCompile>
    <ClCompile Include="ExternalLib\distorm3\src\distorm.c">
      <Filter>ExternalLib\distorm3\src</Filter>
    </ClCompile>
    <ClCompile Include="ExternalLib\distorm3\src\instructions.c">
      <Filter>ExternalLib\distorm3\src</Filter>
    </ClCompile>
    <ClCompile Include="ExternalLib\distorm3\src\insts.c">
      <Filter>ExternalLib\distorm3\src</Filter>
    </ClCompile>
    <ClCompile Include="ExternalLib\distorm3\src\mnemonics.c">
      <Filter>ExternalLib\distorm3\src</Filter>
    </ClCompile>
    <ClCompile Include="ExternalLib\distorm3\src\operands.c">
      <Filter>ExternalLib\distorm3\src</Filter>
    </ClCompile>
    <ClCompile Include="ExternalLib\distorm3\src\prefix.c">
      <Filter>ExternalLib\distorm3\src</Filter>
    </ClCompile>
    <ClCompile Include="ExternalLib\distorm3\src\textdefs.c">
      <Filter>ExternalLib\distorm3\src</Filter>
    </ClCompile>
    <ClCompile Include="ExternalLib\distorm3\src\wstring.c">
      <Filter>ExternalLib\distorm3\src</Filter>
    </ClCompile>
    <ClCompile Include="Source\Disassembler.cpp">
      <Filter>Source</Filter>
    </ClCompile>
    <ClCompile Include="Source\PEFunctions.cpp">
      <Filter>Source</Filter>
    </ClCompile>
    <ClCompile Include="Source\Permutator.cpp">
      <Filter>Source</Filter>
    </ClCompile>
    <ClCompile Include="Source\TestMain.cpp">
      <Filter>Source</Filter>
    </ClCompile>
    <ClCompile Include="Source\Node.cpp">
      <Filter>Source</Filter>
    </ClCompile>
    <ClCompile Include="Source\Graph.cpp">
      <Filter>Source</Filter>
    </ClCompile>
  </ItemGroup>
  <ItemGroup>
    <None Include="Makefile" />
    <None Include="thesis\diplomski.tex">
      <Filter>thesis</Filter>
    </None>
    <None Include="thesis\fer.bst">
      <Filter>thesis</Filter>
    </None>
    <None Include="thesis\fer.cls">
      <Filter>thesis</Filter>
    </None>
    <None Include="thesis\literatura.bib">
      <Filter>thesis</Filter>
    </None>
  </ItemGroup>
  <ItemGroup>
    <Image Include="thesis\slike\AD_CM1_graph.png">
      <Filter>thesis\slike</Filter>
    </Image>
    <Image Include="thesis\slike\aslr.png">
      <Filter>thesis\slike</Filter>
    </Image>
    <Image Include="thesis\slike\aslr_permutacija.png">
      <Filter>thesis\slike</Filter>
    </Image>
    <Image Include="thesis\slike\aslr_v2.png">
      <Filter>thesis\slike</Filter>
    </Image>
    <Image Include="thesis\slike\buffer_overflow_legitdata.png">
      <Filter>thesis\slike</Filter>
    </Image>
    <Image Include="thesis\slike\buffer_overflow_nodata.png">
      <Filter>thesis\slike</Filter>
    </Image>
    <Image Include="thesis\slike\buffer_overflow_overflow.png">
      <Filter>thesis\slike</Filter>
    </Image>
    <Image Include="thesis\slike\control_flow_graph.png">
      <Filter>thesis\slike</Filter>
    </Image>
    <Image Include="thesis\slike\dos_stub.PNG">
      <Filter>thesis\slike</Filter>
    </Image>
    <Image Include="thesis\slike\double_free.png">
      <Filter>thesis\slike</Filter>
    </Image>
    <Image Include="thesis\slike\free_heap_block.png">
      <Filter>thesis\slike</Filter>
    </Image>
    <Image Include="thesis\slike\free_lists_entries.PNG">
      <Filter>thesis\slike</Filter>
    </Image>
    <Image Include="thesis\slike\heap_2_allocated_blocks.png">
      <Filter>thesis\slike</Filter>
    </Image>
    <Image Include="thesis\slike\heap_structure.png">
      <Filter>thesis\slike</Filter>
    </Image>
    <Image Include="thesis\slike\image_dos_header.png">
      <Filter>thesis\slike</Filter>
    </Image>
    <Image Include="thesis\slike\memory_corruption.png">
      <Filter>thesis\slike</Filter>
    </Image>
    <Image Include="thesis\slike\pe_format.png">
      <Filter>thesis\slike</Filter>
    </Image>
    <Image Include="thesis\slike\permutator_graph_part.png">
      <Filter>thesis\slike</Filter>
    </Image>
    <Image Include="thesis\slike\permutator_graph_permutated.png">
      <Filter>thesis\slike</Filter>
    </Image>
    <Image Include="thesis\slike\primjer_rva.PNG">
      <Filter>thesis\slike</Filter>
    </Image>
    <Image Include="thesis\slike\ret2lib.png">
      <Filter>thesis\slike</Filter>
    </Image>
    <Image Include="thesis\slike\ret2lib_stackFrame.png">
      <Filter>thesis\slike</Filter>
    </Image>
    <Image Include="thesis\slike\rop_add34.png">
      <Filter>thesis\slike</Filter>
    </Image>
    <Image Include="thesis\slike\rop_add56.png">
      <Filter>thesis\slike</Filter>
    </Image>
    <Image Include="thesis\slike\rop_add78.png">
      <Filter>thesis\slike</Filter>
    </Image>
    <Image Include="thesis\slike\used_heap_block.png">
      <Filter>thesis\slike</Filter>
    </Image>
  </ItemGroup>
</Project>